
Microsoft Visual Studio Solution File, Format Version 12.00
# Visual Studio Version 16
VisualStudioVersion = 16.0.30717.126
MinimumVisualStudioVersion = 10.0.40219.1
Project("{9A19103F-16F7-4668-BE54-9A1E7A4F7556}") = "todo-server", "todo-server\todo-server.csproj", "{B14B68AD-6750-4EE2-BDAF-8B574A2E6BA6}"
EndProject
Project("{FAE04EC0-301F-11D3-BF4B-00C04F79EFBC}") = "XUnitTestProject", "XUnitTestProject\XUnitTestProject.csproj", "{7DC0A631-DCC5-45B1-B788-969F5886A415}"
EndProject
Global
	GlobalSection(SolutionConfigurationPlatforms) = preSolution
		Debug|Any CPU = Debug|Any CPU
		Release|Any CPU = Release|Any CPU
	EndGlobalSection
	GlobalSection(ProjectConfigurationPlatforms) = postSolution
		{B14B68AD-6750-4EE2-BDAF-8B574A2E6BA6}.Debug|Any CPU.ActiveCfg = Debug|Any CPU
		{B14B68AD-6750-4EE2-BDAF-8B574A2E6BA6}.Debug|Any CPU.Build.0 = Debug|Any CPU
		{B14B68AD-6750-4EE2-BDAF-8B574A2E6BA6}.Release|Any CPU.ActiveCfg = Release|Any CPU
		{B14B68AD-6750-4EE2-BDAF-8B574A2E6BA6}.Release|Any CPU.Build.0 = Release|Any CPU
		{7DC0A631-DCC5-45B1-B788-969F5886A415}.Debug|Any CPU.ActiveCfg = Debug|Any CPU
		{7DC0A631-DCC5-45B1-B788-969F5886A415}.Debug|Any CPU.Build.0 = Debug|Any CPU
		{7DC0A631-DCC5-45B1-B788-969F5886A415}.Release|Any CPU.ActiveCfg = Release|Any CPU
		{7DC0A631-DCC5-45B1-B788-969F5886A415}.Release|Any CPU.Build.0 = Release|Any CPU
	EndGlobalSection
	GlobalSection(SolutionProperties) = preSolution
		HideSolutionNode = FALSE
	EndGlobalSection
	GlobalSection(ExtensibilityGlobals) = postSolution
		SolutionGuid = {655E1DE6-FE41-4B8D-A7FE-CB11C975D1FA}
	EndGlobalSection
EndGlobal
